
Microsoft Visual Studio Solution File, Format Version 12.00
# Visual Studio Version 17
VisualStudioVersion = 17.9.34723.18
MinimumVisualStudioVersion = 10.0.40219.1
Project("{9A19103F-16F7-4668-BE54-9A1E7A4F7556}") = "StudyBudyAPI", "StudyBudyAPI.csproj", "{7D366D0E-1459-4429-8BFD-50C07E99823D}"
EndProject
Project("{FAE04EC0-301F-11D3-BF4B-00C04F79EFBC}") = "Tests", "..\Tests\Tests.csproj", "{C304A4DA-6F9A-4965-B496-6746FDA24872}"
EndProject
Global
	GlobalSection(SolutionConfigurationPlatforms) = preSolution
		Debug|Any CPU = Debug|Any CPU
		Release|Any CPU = Release|Any CPU
	EndGlobalSection
	GlobalSection(ProjectConfigurationPlatforms) = postSolution
		{7D366D0E-1459-4429-8BFD-50C07E99823D}.Debug|Any CPU.ActiveCfg = Debug|Any CPU
		{7D366D0E-1459-4429-8BFD-50C07E99823D}.Debug|Any CPU.Build.0 = Debug|Any CPU
		{7D366D0E-1459-4429-8BFD-50C07E99823D}.Release|Any CPU.ActiveCfg = Release|Any CPU
		{7D366D0E-1459-4429-8BFD-50C07E99823D}.Release|Any CPU.Build.0 = Release|Any CPU
		{C304A4DA-6F9A-4965-B496-6746FDA24872}.Debug|Any CPU.ActiveCfg = Debug|Any CPU
		{C304A4DA-6F9A-4965-B496-6746FDA24872}.Debug|Any CPU.Build.0 = Debug|Any CPU
		{C304A4DA-6F9A-4965-B496-6746FDA24872}.Release|Any CPU.ActiveCfg = Release|Any CPU
		{C304A4DA-6F9A-4965-B496-6746FDA24872}.Release|Any CPU.Build.0 = Release|Any CPU
	EndGlobalSection
	GlobalSection(SolutionProperties) = preSolution
		HideSolutionNode = FALSE
	EndGlobalSection
	GlobalSection(ExtensibilityGlobals) = postSolution
		SolutionGuid = {775EE612-5FA7-4029-ACEF-1030D12352D7}
	EndGlobalSection
EndGlobal
